// !$*UTF8*$!
{
	archiveVersion = 1;
	classes = {
	};
	objectVersion = 50;
	objects = {

/* Begin PBXBuildFile section */
		1D37468A22781978000ACBAB /* AppDelegate.swift in Sources */ = {isa = PBXBuildFile; fileRef = 1D37468922781978000ACBAB /* AppDelegate.swift */; };
		1D37468C22781978000ACBAB /* ViewController.swift in Sources */ = {isa = PBXBuildFile; fileRef = 1D37468B22781978000ACBAB /* ViewController.swift */; };
		1D37468F22781978000ACBAB /* Main.storyboard in Resources */ = {isa = PBXBuildFile; fileRef = 1D37468D22781978000ACBAB /* Main.storyboard */; };
		1D37469222781978000ACBAB /* BubblePop.xcdatamodeld in Sources */ = {isa = PBXBuildFile; fileRef = 1D37469022781978000ACBAB /* BubblePop.xcdatamodeld */; };
		1D37469422781978000ACBAB /* Assets.xcassets in Resources */ = {isa = PBXBuildFile; fileRef = 1D37469322781978000ACBAB /* Assets.xcassets */; };
		1D37469722781978000ACBAB /* LaunchScreen.storyboard in Resources */ = {isa = PBXBuildFile; fileRef = 1D37469522781978000ACBAB /* LaunchScreen.storyboard */; };
		1D3746A3227AC39B000ACBAB /* ScoreViewController.swift in Sources */ = {isa = PBXBuildFile; fileRef = 1D3746A2227AC39B000ACBAB /* ScoreViewController.swift */; };
		1D3746A7227C0F21000ACBAB /* HomeViewController.swift in Sources */ = {isa = PBXBuildFile; fileRef = 1D3746A6227C0F21000ACBAB /* HomeViewController.swift */; };
/* End PBXBuildFile section */

/* Begin PBXFileReference section */
		1D37468622781978000ACBAB /* BubblePop.app */ = {isa = PBXFileReference; explicitFileType = wrapper.application; includeInIndex = 0; path = BubblePop.app; sourceTree = BUILT_PRODUCTS_DIR; };
		1D37468922781978000ACBAB /* AppDelegate.swift */ = {isa = PBXFileReference; lastKnownFileType = sourcecode.swift; path = AppDelegate.swift; sourceTree = "<group>"; };
		1D37468B22781978000ACBAB /* ViewController.swift */ = {isa = PBXFileReference; lastKnownFileType = sourcecode.swift; path = ViewController.swift; sourceTree = "<group>"; };
		1D37468E22781978000ACBAB /* Base */ = {isa = PBXFileReference; lastKnownFileType = file.storyboard; name = Base; path = Base.lproj/Main.storyboard; sourceTree = "<group>"; };
		1D37469122781978000ACBAB /* BubblePop.xcdatamodel */ = {isa = PBXFileReference; lastKnownFileType = wrapper.xcdatamodel; path = BubblePop.xcdatamodel; sourceTree = "<group>"; };
		1D37469322781978000ACBAB /* Assets.xcassets */ = {isa = PBXFileReference; lastKnownFileType = folder.assetcatalog; path = Assets.xcassets; sourceTree = "<group>"; };
		1D37469622781978000ACBAB /* Base */ = {isa = PBXFileReference; lastKnownFileType = file.storyboard; name = Base; path = Base.lproj/LaunchScreen.storyboard; sourceTree = "<group>"; };
		1D37469822781978000ACBAB /* Info.plist */ = {isa = PBXFileReference; lastKnownFileType = text.plist.xml; path = Info.plist; sourceTree = "<group>"; };
		1D3746A2227AC39B000ACBAB /* ScoreViewController.swift */ = {isa = PBXFileReference; lastKnownFileType = sourcecode.swift; path = ScoreViewController.swift; sourceTree = "<group>"; };
		1D3746A6227C0F21000ACBAB /* HomeViewController.swift */ = {isa = PBXFileReference; lastKnownFileType = sourcecode.swift; path = HomeViewController.swift; sourceTree = "<group>"; };
/* End PBXFileReference section */

/* Begin PBXFrameworksBuildPhase section */
		1D37468322781978000ACBAB /* Frameworks */ = {
			isa = PBXFrameworksBuildPhase;
			buildActionMask = 2147483647;
			files = (
			);
			runOnlyForDeploymentPostprocessing = 0;
		};
/* End PBXFrameworksBuildPhase section */

/* Begin PBXGroup section */
		1D37467D22781977000ACBAB = {
			isa = PBXGroup;
			children = (
				1D37468822781978000ACBAB /* BubblePop */,
				1D37468722781978000ACBAB /* Products */,
			);
			sourceTree = "<group>";
		};
		1D37468722781978000ACBAB /* Products */ = {
			isa = PBXGroup;
			children = (
				1D37468622781978000ACBAB /* BubblePop.app */,
			);
			name = Products;
			sourceTree = "<group>";
		};
		1D37468822781978000ACBAB /* BubblePop */ = {
			isa = PBXGroup;
			children = (
				1D37468922781978000ACBAB /* AppDelegate.swift */,
				1D37468B22781978000ACBAB /* ViewController.swift */,
				1D3746A6227C0F21000ACBAB /* HomeViewController.swift */,
				1D3746A2227AC39B000ACBAB /* ScoreViewController.swift */,
				1D37468D22781978000ACBAB /* Main.storyboard */,
				1D37469322781978000ACBAB /* Assets.xcassets */,
				1D37469522781978000ACBAB /* LaunchScreen.storyboard */,
				1D37469822781978000ACBAB /* Info.plist */,
				1D37469022781978000ACBAB /* BubblePop.xcdatamodeld */,
			);
			path = BubblePop;
			sourceTree = "<group>";
		};
/* End PBXGroup section */

/* Begin PBXNativeTarget section */
		1D37468522781978000ACBAB /* BubblePop */ = {
			isa = PBXNativeTarget;
			buildConfigurationList = 1D37469B22781978000ACBAB /* Build configuration list for PBXNativeTarget "BubblePop" */;
			buildPhases = (
				1D37468222781978000ACBAB /* Sources */,
				1D37468322781978000ACBAB /* Frameworks */,
				1D37468422781978000ACBAB /* Resources */,
			);
			buildRules = (
			);
			dependencies = (
			);
			name = BubblePop;
			productName = BubblePop;
			productReference = 1D37468622781978000ACBAB /* BubblePop.app */;
			productType = "com.apple.product-type.application";
		};
/* End PBXNativeTarget section */

/* Begin PBXProject section */
		1D37467E22781977000ACBAB /* Project object */ = {
			isa = PBXProject;
			attributes = {
				LastSwiftUpdateCheck = 1010;
				LastUpgradeCheck = 1010;
				ORGANIZATIONNAME = ydykevin;
				TargetAttributes = {
					1D37468522781978000ACBAB = {
						CreatedOnToolsVersion = 10.1;
					};
				};
			};
			buildConfigurationList = 1D37468122781977000ACBAB /* Build configuration list for PBXProject "BubblePop" */;
			compatibilityVersion = "Xcode 9.3";
			developmentRegion = en;
			hasScannedForEncodings = 0;
			knownRegions = (
				en,
				Base,
			);
			mainGroup = 1D37467D22781977000ACBAB;
			productRefGroup = 1D37468722781978000ACBAB /* Products */;
			projectDirPath = "";
			projectRoot = "";
			targets = (
				1D37468522781978000ACBAB /* BubblePop */,
			);
		};
/* End PBXProject section */

/* Begin PBXResourcesBuildPhase section */
		1D37468422781978000ACBAB /* Resources */ = {
			isa = PBXResourcesBuildPhase;
			buildActionMask = 2147483647;
			files = (
				1D37469722781978000ACBAB /* LaunchScreen.storyboard in Resources */,
				1D37469422781978000ACBAB /* Assets.xcassets in Resources */,
				1D37468F22781978000ACBAB /* Main.storyboard in Resources */,
			);
			runOnlyForDeploymentPostprocessing = 0;
		};
/* End PBXResourcesBuildPhase section */

/* Begin PBXSourcesBuildPhase section */
		1D37468222781978000ACBAB /* Sources */ = {
			isa = PBXSourcesBuildPhase;
			buildActionMask = 2147483647;
			files = (
				1D3746A7227C0F21000ACBAB /* HomeViewController.swift in Sources */,
				1D37468C22781978000ACBAB /* ViewController.swift in Sources */,
				1D37468A22781978000ACBAB /* AppDelegate.swift in Sources */,
				1D37469222781978000ACBAB /* BubblePop.xcdatamodeld in Sources */,
				1D3746A3227AC39B000ACBAB /* ScoreViewController.swift in Sources */,
			);
			runOnlyForDeploymentPostprocessing = 0;
		};
/* End PBXSourcesBuildPhase section */

/* Begin PBXVariantGroup section */
		1D37468D22781978000ACBAB /* Main.storyboard */ = {
			isa = PBXVariantGroup;
			children = (
				1D37468E22781978000ACBAB /* Base */,
			);
			name = Main.storyboard;
			sourceTree = "<group>";
		};
		1D37469522781978000ACBAB /* LaunchScreen.storyboard */ = {
			isa = PBXVariantGroup;
			children = (
				1D37469622781978000ACBAB /* Base */,
			);
			name = LaunchScreen.storyboard;
			sourceTree = "<group>";
		};
/* End PBXVariantGroup section */

/* Begin XCBuildConfiguration section */
		1D37469922781978000ACBAB /* Debug */ = {
			isa = XCBuildConfiguration;
			buildSettings = {
				ALWAYS_SEARCH_USER_PATHS = NO;
				CLANG_ANALYZER_NONNULL = YES;
				CLANG_ANALYZER_NUMBER_OBJECT_CONVERSION = YES_AGGRESSIVE;
				CLANG_CXX_LANGUAGE_STANDARD = "gnu++14";
				CLANG_CXX_LIBRARY = "libc++";
				CLANG_ENABLE_MODULES = YES;
				CLANG_ENABLE_OBJC_ARC = YES;
				CLANG_ENABLE_OBJC_WEAK = YES;
				CLANG_WARN_BLOCK_CAPTURE_AUTORELEASING = YES;
				CLANG_WARN_BOOL_CONVERSION = YES;
				CLANG_WARN_COMMA = YES;
				CLANG_WARN_CONSTANT_CONVERSION = YES;
				CLANG_WARN_DEPRECATED_OBJC_IMPLEMENTATIONS = YES;
				CLANG_WARN_DIRECT_OBJC_ISA_USAGE = YES_ERROR;
				CLANG_WARN_DOCUMENTATION_COMMENTS = YES;
				CLANG_WARN_EMPTY_BODY = YES;
				CLANG_WARN_ENUM_CONVERSION = YES;
				CLANG_WARN_INFINITE_RECURSION = YES;
				CLANG_WARN_INT_CONVERSION = YES;
				CLANG_WARN_NON_LITERAL_NULL_CONVERSION = YES;
				CLANG_WARN_OBJC_IMPLICIT_RETAIN_SELF = YES;
				CLANG_WARN_OBJC_LITERAL_CONVERSION = YES;
				CLANG_WARN_OBJC_ROOT_CLASS = YES_ERROR;
				CLANG_WARN_RANGE_LOOP_ANALYSIS = YES;
				CLANG_WARN_STRICT_PROTOTYPES = YES;
				CLANG_WARN_SUSPICIOUS_MOVE = YES;
				CLANG_WARN_UNGUARDED_AVAILABILITY = YES_AGGRESSIVE;
				CLANG_WARN_UNREACHABLE_CODE = YES;
				CLANG_WARN__DUPLICATE_METHOD_MATCH = YES;
				CODE_SIGN_IDENTITY = "iPhone Developer";
				COPY_PHASE_STRIP = NO;
				DEBUG_INFORMATION_FORMAT = dwarf;
				ENABLE_STRICT_OBJC_MSGSEND = YES;
				ENABLE_TESTABILITY = YES;
				GCC_C_LANGUAGE_STANDARD = gnu11;
				GCC_DYNAMIC_NO_PIC = NO;
				GCC_NO_COMMON_BLOCKS = YES;
				GCC_OPTIMIZATION_LEVEL = 0;
				GCC_PREPROCESSOR_DEFINITIONS = (
					"DEBUG=1",
					"$(inherited)",
				);
				GCC_WARN_64_TO_32_BIT_CONVERSION = YES;
				GCC_WARN_ABOUT_RETURN_TYPE = YES_ERROR;
				GCC_WARN_UNDECLARED_SELECTOR = YES;
				GCC_WARN_UNINITIALIZED_AUTOS = YES_AGGRESSIVE;
				GCC_WARN_UNUSED_FUNCTION = YES;
				GCC_WARN_UNUSED_VARIABLE = YES;
				IPHONEOS_DEPLOYMENT_TARGET = 12.1;
				MTL_ENABLE_DEBUG_INFO = INCLUDE_SOURCE;
				MTL_FAST_MATH = YES;
				ONLY_ACTIVE_ARCH = YES;
				SDKROOT = iphoneos;
				SWIFT_ACTIVE_COMPILATION_CONDITIONS = DEBUG;
				SWIFT_OPTIMIZATION_LEVEL = "-Onone";
			};
			name = Debug;
		};
		1D37469A22781978000ACBAB /* Release */ = {
			isa = XCBuildConfiguration;
			buildSettings = {
				ALWAYS_SEARCH_USER_PATHS = NO;
				CLANG_ANALYZER_NONNULL = YES;
				CLANG_ANALYZER_NUMBER_OBJECT_CONVERSION = YES_AGGRESSIVE;
				CLANG_CXX_LANGUAGE_STANDARD = "gnu++14";
				CLANG_CXX_LIBRARY = "libc++";
				CLANG_ENABLE_MODULES = YES;
				CLANG_ENABLE_OBJC_ARC = YES;
				CLANG_ENABLE_OBJC_WEAK = YES;
				CLANG_WARN_BLOCK_CAPTURE_AUTORELEASING = YES;
				CLANG_WARN_BOOL_CONVERSION = YES;
				CLANG_WARN_COMMA = YES;
				CLANG_WARN_CONSTANT_CONVERSION = YES;
				CLANG_WARN_DEPRECATED_OBJC_IMPLEMENTATIONS = YES;
				CLANG_WARN_DIRECT_OBJC_ISA_USAGE = YES_ERROR;
				CLANG_WARN_DOCUMENTATION_COMMENTS = YES;
				CLANG_WARN_EMPTY_BODY = YES;
				CLANG_WARN_ENUM_CONVERSION = YES;
				CLANG_WARN_INFINITE_RECURSION = YES;
				CLANG_WARN_INT_CONVERSION = YES;
				CLANG_WARN_NON_LITERAL_NULL_CONVERSION = YES;
				CLANG_WARN_OBJC_IMPLICIT_RETAIN_SELF = YES;
				CLANG_WARN_OBJC_LITERAL_CONVERSION = YES;
				CLANG_WARN_OBJC_ROOT_CLASS = YES_ERROR;
				CLANG_WARN_RANGE_LOOP_ANALYSIS = YES;
				CLANG_WARN_STRICT_PROTOTYPES = YES;
				CLANG_WARN_SUSPICIOUS_MOVE = YES;
				CLANG_WARN_UNGUARDED_AVAILABILITY = YES_AGGRESSIVE;
				CLANG_WARN_UNREACHABLE_CODE = YES;
				CLANG_WARN__DUPLICATE_METHOD_MATCH = YES;
				CODE_SIGN_IDENTITY = "iPhone Developer";
				COPY_PHASE_STRIP = NO;
				DEBUG_INFORMATION_FORMAT = "dwarf-with-dsym";
				ENABLE_NS_ASSERTIONS = NO;
				ENABLE_STRICT_OBJC_MSGSEND = YES;
				GCC_C_LANGUAGE_STANDARD = gnu11;
				GCC_NO_COMMON_BLOCKS = YES;
				GCC_WARN_64_TO_32_BIT_CONVERSION = YES;
				GCC_WARN_ABOUT_RETURN_TYPE = YES_ERROR;
				GCC_WARN_UNDECLARED_SELECTOR = YES;
				GCC_WARN_UNINITIALIZED_AUTOS = YES_AGGRESSIVE;
				GCC_WARN_UNUSED_FUNCTION = YES;
				GCC_WARN_UNUSED_VARIABLE = YES;
				IPHONEOS_DEPLOYMENT_TARGET = 12.1;
				MTL_ENABLE_DEBUG_INFO = NO;
				MTL_FAST_MATH = YES;
				SDKROOT = iphoneos;
				SWIFT_COMPILATION_MODE = wholemodule;
				SWIFT_OPTIMIZATION_LEVEL = "-O";
				VALIDATE_PRODUCT = YES;
			};
			name = Release;
		};
		1D37469C22781978000ACBAB /* Debug */ = {
			isa = XCBuildConfiguration;
			buildSettings = {
				ASSETCATALOG_COMPILER_APPICON_NAME = AppIcon;
				CODE_SIGN_STYLE = Automatic;
				DEVELOPMENT_TEAM = 48QK8U3BSU;
				INFOPLIST_FILE = BubblePop/Info.plist;
				LD_RUNPATH_SEARCH_PATHS = (
					"$(inherited)",
					"@executable_path/Frameworks",
				);
				PRODUCT_BUNDLE_IDENTIFIER = ydykevin.BubblePop;
				PRODUCT_NAME = "$(TARGET_NAME)";
				SWIFT_VERSION = 4.2;
				TARGETED_DEVICE_FAMILY = "1,2";
			};
			name = Debug;
		};
		1D37469D22781978000ACBAB /* Release */ = {
			isa = XCBuildConfiguration;
			buildSettings = {
				ASSETCATALOG_COMPILER_APPICON_NAME = AppIcon;
				CODE_SIGN_STYLE = Automatic;
				DEVELOPMENT_TEAM = 48QK8U3BSU;
				INFOPLIST_FILE = BubblePop/Info.plist;
				LD_RUNPATH_SEARCH_PATHS = (
					"$(inherited)",
					"@executable_path/Frameworks",
				);
				PRODUCT_BUNDLE_IDENTIFIER = ydykevin.BubblePop;
				PRODUCT_NAME = "$(TARGET_NAME)";
				SWIFT_VERSION = 4.2;
				TARGETED_DEVICE_FAMILY = "1,2";
			};
			name = Release;
		};
/* End XCBuildConfiguration section */

/* Begin XCConfigurationList section */
		1D37468122781977000ACBAB /* Build configuration list for PBXProject "BubblePop" */ = {
			isa = XCConfigurationList;
			buildConfigurations = (
				1D37469922781978000ACBAB /* Debug */,
				1D37469A22781978000ACBAB /* Release */,
			);
			defaultConfigurationIsVisible = 0;
			defaultConfigurationName = Release;
		};
		1D37469B22781978000ACBAB /* Build configuration list for PBXNativeTarget "BubblePop" */ = {
			isa = XCConfigurationList;
			buildConfigurations = (
				1D37469C22781978000ACBAB /* Debug */,
				1D37469D22781978000ACBAB /* Release */,
			);
			defaultConfigurationIsVisible = 0;
			defaultConfigurationName = Release;
		};
/* End XCConfigurationList section */

/* Begin XCVersionGroup section */
		1D37469022781978000ACBAB /* BubblePop.xcdatamodeld */ = {
			isa = XCVersionGroup;
			children = (
				1D37469122781978000ACBAB /* BubblePop.xcdatamodel */,
			);
			currentVersion = 1D37469122781978000ACBAB /* BubblePop.xcdatamodel */;
			path = BubblePop.xcdatamodeld;
			sourceTree = "<group>";
			versionGroupType = wrapper.xcdatamodel;
		};
/* End XCVersionGroup section */
	};
	rootObject = 1D37467E22781977000ACBAB /* Project object */;
}
